{
	"name": "@bcowgi11/perljs",
	"version": "0.3.10",
	"lockfileVersion": 2,
	"requires": true,
	"packages": {
		"": {
			"name": "@bcowgi11/perljs",
			"version": "0.3.10",
			"hasInstallScript": true,
			"license": "Unlicense",
			"devDependencies": {
				"abbrev": "^1.1.1",
				"async": "^3.2.0",
				"bower": "^1.8.12",
				"chai": "4.3.0",
				"coveralls": "^3.1.0",
				"escodegen": "^2.0.0",
				"eslint": "^7.20.0",
				"grunt": "^1.3.0",
				"grunt-contrib-clean": "^2.0.0",
				"grunt-contrib-concat": "^1.0.1",
				"grunt-contrib-connect": "^3.0.0",
				"grunt-contrib-jshint": "^3.0.0",
				"grunt-contrib-uglify": "^5.0.0",
				"grunt-contrib-watch": "^1.1.0",
				"grunt-eslint": "^23.0.0",
				"grunt-htmllint": "^0.3.0",
				"grunt-jsdoc": "^2.4.1",
				"grunt-mocha-chai-sinon": "0.0.9",
				"grunt-mocha-istanbul": "^5.0.1",
				"grunt-prettier": "^2.1.0",
				"grunt-stylelint": "^0.16.0",
				"handlebars": "^4.7.7",
				"htmllint": "0.7.2",
				"htmllint-cli": "^0.0.7",
				"husky": "^5.1.1",
				"istanbul": "^0.4.3",
				"jsdoc": "^3.6.6",
				"mkdirp": "^1.0.4",
				"mocha": "8.3.0",
				"nopt": "^5.0.0",
				"npm-check": "^5.9.2",
				"nyc": "^15.1.0",
				"pinst": "^2.1.6",
				"prettier": "^2.2.1",
				"stylelint": "^13.11.0",
				"stylelint-config-standard": "^20.0.0",
				"uncommentify": "^0.1.1"
			},
			"engines": {
				"node": ">=0.10.0"
			}
		},
		"node_modules/@babel/types": {
			"extraneous": true
		},
		"node_modules/chai": {
			"version": "4.2.0",
			"dev": true
		},
		"node_modules/grunt": {
			"version": "1.3.0",
			"dev": true
		},
		"node_modules/grunt-contrib-clean": {
			"version": "2.0.0",
			"dev": true
		},
		"node_modules/grunt-contrib-concat": {
			"version": "1.0.1",
			"dev": true
		},
		"node_modules/grunt-contrib-connect": {
			"version": "3.0.0",
			"dev": true
		},
		"node_modules/grunt-contrib-jshint": {
			"version": "3.0.0",
			"dev": true
		},
		"node_modules/grunt-contrib-uglify": {
			"version": "5.0.0",
			"dev": true
		},
		"node_modules/grunt-contrib-watch": {
			"version": "1.1.0",
			"dev": true
		},
		"node_modules/grunt-jsdoc": {
			"version": "2.4.1",
			"dev": true,
			"dependencies": {
				"jsdoc": "^3.6.3"
			}
		},
		"node_modules/grunt-mocha-chai-sinon": {
			"version": "0.0.9",
			"dev": true
		},
		"node_modules/grunt-mocha-istanbul": {
			"version": "5.0.2",
			"dev": true
		},
		"node_modules/istanbul": {
			"version": "0.4.5",
			"dev": true
		},
		"node_modules/jsdoc": {
			"version": "3.6.6",
			"dev": true
		},
		"node_modules/mime-types": {
			"extraneous": true
		},
		"node_modules/mocha": {
			"version": "8.2.0",
			"dev": true
		},
		"node_modules/npm-check": {
			"version": "5.9.2",
			"dev": true
		},
		"node_modules/uncommentify": {
			"version": "0.1.1",
			"dev": true
		}
	},
	"dependencies": {
		"@babel/types": {
			"extraneous": true
		},
		"chai": {
			"version": "4.2.0",
			"dev": true
		},
		"grunt": {
			"version": "1.3.0",
			"dev": true
		},
		"grunt-contrib-clean": {
			"version": "2.0.0",
			"dev": true
		},
		"grunt-contrib-concat": {
			"version": "1.0.1",
			"dev": true
		},
		"grunt-contrib-connect": {
			"version": "3.0.0",
			"dev": true
		},
		"grunt-contrib-jshint": {
			"version": "3.0.0",
			"dev": true
		},
		"grunt-contrib-uglify": {
			"version": "5.0.0",
			"dev": true
		},
		"grunt-contrib-watch": {
			"version": "1.1.0",
			"dev": true
		},
		"grunt-jsdoc": {
			"version": "2.4.1",
			"dev": true,
			"requires": {
				"jsdoc": "^3.6.3"
			}
		},
		"grunt-mocha-chai-sinon": {
			"version": "0.0.9",
			"dev": true
		},
		"grunt-mocha-istanbul": {
			"version": "5.0.2",
			"dev": true
		},
		"istanbul": {
			"version": "0.4.5",
			"dev": true
		},
		"jsdoc": {
			"version": "3.6.6",
			"dev": true
		},
		"mime-types": {
			"extraneous": true
		},
		"mocha": {
			"version": "8.2.0",
			"dev": true
		},
		"npm-check": {
			"version": "5.9.2",
			"dev": true
		},
		"uncommentify": {
			"version": "0.1.1",
			"dev": true
		}
	}
}
