{
	"name": "perljs",
	"version": "0.3.3",
	"lockfileVersion": 1,
	"requires": true,
	"dependencies": {
		"@babel/types": {},
		"chai": {
			"version": "4.2.0",
			"dev": true
		},
		"grunt": {
			"version": "1.3.0",
			"dev": true
		},
		"grunt-contrib-clean": {
			"version": "2.0.0",
			"dev": true
		},
		"grunt-contrib-concat": {
			"version": "1.0.1",
			"dev": true
		},
		"grunt-contrib-connect": {
			"version": "3.0.0",
			"dev": true
		},
		"grunt-contrib-jshint": {
			"version": "3.0.0",
			"dev": true
		},
		"grunt-contrib-uglify": {
			"version": "5.0.0",
			"dev": true
		},
		"grunt-contrib-watch": {
			"version": "1.1.0",
			"dev": true
		},
		"grunt-jsdoc": {
			"version": "2.4.1",
			"dev": true,
			"requires": {
				"jsdoc": "^3.6.3"
			}
		},
		"grunt-mocha-chai-sinon": {
			"version": "0.0.9",
			"dev": true
		},
		"grunt-mocha-istanbul": {
			"version": "5.0.2",
			"dev": true
		},
		"istanbul": {
			"version": "0.4.5",
			"dev": true
		},
		"jsdoc": {
			"version": "3.6.6",
			"dev": true
		},
		"mime-types": {},
		"mocha": {
			"version": "8.2.0",
			"dev": true
		},
		"npm-check": {
			"version": "5.9.2",
			"dev": true
		},
		"uncommentify": {
			"version": "0.1.1",
			"dev": true
		}
	}
}
